{
  "object": {
    "pins": [
      {
        "package": "Gormsson",
        "repositoryURL": "https://github.com/MoveUpwards/Gormsson.git",
        "state": {
          "branch": null,
          "revision": "110be8686c1e78500318532d4437877f8c2efc37",
          "version": "1.4.9"
        }
      },
      {
        "package": "Nevanlinna",
        "repositoryURL": "https://github.com/MoveUpwards/Nevanlinna.git",
        "state": {
          "branch": null,
          "revision": "5285f5a2aaea8751cc1cb38e51403a45ce096fef",
          "version": "0.7.0"
        }
      }
    ]
  },
  "version": 1
}
