{
  "object": {
    "pins": [
      {
        "package": "Gormsson",
        "repositoryURL": "https://github.com/MoveUpwards/Gormsson.git",
        "state": {
          "branch": null,
          "revision": "d10d36f1e07f5aac8280c1d496c6e7be351158a2",
          "version": "1.5.0"
        }
      },
      {
        "package": "Nevanlinna",
        "repositoryURL": "https://github.com/MoveUpwards/Nevanlinna.git",
        "state": {
          "branch": null,
          "revision": "5285f5a2aaea8751cc1cb38e51403a45ce096fef",
          "version": "0.7.0"
        }
      }
    ]
  },
  "version": 1
}
